{
  "version": 4,
  "terraform_version": "1.10.5",
  "serial": 195,
  "lineage": "0ebb2a15-292e-8cef-faa6-b6cd4e12c015",
  "outputs": {
    "backendvm_publicip": {
      "value": "13.95.89.201",
      "type": "string"
    },
    "frontendvm_publicip": {
      "value": "52.166.51.31",
      "type": "string"
    },
    "tls_private_key": {
      "value": "-----BEGIN RSA PRIVATE KEY-----\nMIIJKQIBAAKCAgEA1djNUj/DfyBX1/ZJZUVQ5Fe2CEKUi4W51MIlTVX1JOezXoBW\npq4jUA6cSC/SZb79k1Z5HkJxgS0nJ9eG9VXTfdPD83n32Ev5QhDC+e/Y6vcXP7aS\nnvVRY+zjzFKaU3xFuyleGnGpAxuuPpKU38syHHv//xQx3IZ1EtBAZXLjTnt+TbDY\nXedrkPwBOpEaKvXj610tSMuWz/voJ/Qknz3vK8h9JqQ6/373YmsYPjO91M0PRSHr\nvEPePeFjzPdLHnoHQxpnMDornorJmDqFbvDn0hImJIkGZBk7lfecfkZBrq4nGiTc\nL7Vv9RLVXHw94/7Zgsvmx0a5H6fiThrLtBF54slUGL8JHC8wCrHjqBJM/cCx5E/W\n42pv2Np+Icc8AOWclrNp0y0ChwbnGvra03y5h+wArtduWNjs4BK3imuIOtNmWbaE\nRtlCeQ58M2jtrjxm/4mwEAgL8U1+aEB/97dlbKtFKA+seU0cqWcyH/CCLLQmFNTI\nJF+r4RbgwQF3WRPXP0KyyCanQYRDzVq3s7upIQRWYUo/afJP8sB6xqNFfcFlNW25\njBVZf2o1i28r5iZGhptgsmlJP4yhxtmwJjJ/xxbRQGsd6wtcM82DXQj8fIdQKnEh\nXmYNhGu9Q93PFSrbhoRv7sOnkFJ+Hq8K+R4CKBQeW0fU+DkZlyH8RjUOMN0CAwEA\nAQKCAgBmDNc21/0Ibrvc8MhnzqNixMS2vmc7Ce77rEa22D1rhjLf9yji1Bk//Cjy\nfffO3E0QgeS83wJhndWgusbJz1JlKqjJSTxQeTkTIQKa2a3Pu2jZ29uuhe14XTT8\nbbL+AkEYpw4kWndIZ25IqBTpk4NvenFZHh8JWRUHjGAeyavV6TMGCk3GykhX4RsJ\nAvPU6pEA4e9ZXOa0jEdmwai0YY8AeuXWiespwEJ4MhlYncKKie0ulZh0uIKXTzcc\nOisb+Sn8CN6Tcj8coqi/v7WrksVeR5DyQH3PSQdZcte4nvh7TtqULGDzV4d9EabG\nQvgaFKViOMIB+SshAzIJCdqKLQjXpJKdSO8XiOnq9ZAwVVpVrghJVYfeBfo3bN97\n46S2iymopyg4g+2aTyAer3Iyko4dQc/yXpeDuGv8hXP0crHSZvZvVUAeetAyKn5o\nm+6pOnfI74COvqksORb1TZPotCDN/7cqi3hpxhSfpinyhE26VKKp1rhaGMEIDqDz\nVDT2pJ6x3Cq2XKL2mTLpZU6qydPUSjp8bDCPHaW4SzPhaLKEgmuf/HzxXo0Detpr\nUaCGks5Y5CHDbEWRZigD2CvGWLp/Aud07ROaB/QYV8qlYY9VkbT0UHJYnQMMSqLO\nvrOEka2dQwGZCQqHgPf89apWHuzAhpKuMfegT/bTeUo/OBPXNQKCAQEA9pgAm68n\n3ZEFHVsa6WO8xxCsuq9TbEgvTS3IiveIQ6QsKLbdIicGHKjWVT23jTuG+VAo6giI\npkwH+wBkP0JnqJw6VllwQ3amBtv/BMdxfW7pHoBxtq+d1DkipB6pTV8cIIR6Aels\npVR573lybgfLk2c3K8ljslJxI+I8sFk33PYnX995DbQPUeoU5YpG4aH62ChTCC7i\nSwW/rbXma69Y3osoNTwISQ7bWaqk3XNuHGXRjFDpKjmp216whvmxFnxl/xSt5qvj\ntN8K0vz0+9O3Vzeo1jJiaWymmSNCPZIf0lS5Zqe0l5IyNDw1R6UtlBeFXezGHOde\nvw2+KuUHiLP3lwKCAQEA3gEGb8i3UAeNEe7tfW28LfWp1i+xvAfoW7X031/Adgd6\nmmhxhMuObnFlYlSLgVfYO/KaUjG+ORjiXJ3ddM1EzKI1N448gsznrRDA9yIgewWE\nP60h0tByIl9Sr9O2SYhOhiz2jiasLXjBie3ce+MCQ4R1crD3wZUvOK9hWOqBXTV/\nbMlZ5Cayb9PE2UTE8ph5AC0/iYHhKOIdIPYQvnNarnKI+9hI03NhLrC/sB1Lr+VP\nWcXqgwANK2boH3VjFtEU8LAsOkO5Abgmc0Kx6ky8b/I27RGyxfG0Gp/jeYj/v3ce\nT5mWEKY+5RHjZgtr1ynny1OrNsg48vXsXR/vAGiJqwKCAQEA7OuBuhKBZNlOZrP/\nmTkgSMn2iq6koiaAe9B/GzVUEFkNrFh1AbkooCR/OQrA7crBlYu0o5ZrZAssp7Xq\nmvS8Dz16tzfbKpY2UeTQkdDlczQ6efnCR1lXdG0ooTJsS1AUABIH/wo8PmR5euHe\nVWTb7NWAJmupg8y9s1JMKMqvZ3aAwhY9gjL7fSI/zYIbM/GixkeH7xbMiHQPg2B+\n7/takQZ2LR9ufnLtwKq5F6Mtqc8Rk5SxUMZyMbg6NpRz1jzS6k79/eAsOL0K80fi\nQIlbX0q0xodGEjA3qG492FYqiLSqJL0AP5hQ7+rg7eL/dYdbtbAlb+PEHh+gFCpU\nIL14JQKCAQABmHJKZV/j5FoAMf5k81/x2J0i2+7kEg56ckFTRaXlc0JPT8bZFHlu\nk8QNw9vIzy/PpnuzcYYTdPlTfxLzXvJKojPNtWj766sSlFc+r3EaUTzVFFJ06GiZ\nlKPMfbIGr0MZNcOD3AVKwl5ptlrqTQRcJdyOOXVeX8saFjCV6gGKAPNsfbn2qMyJ\nfzUf9p2PvMbJ2IlnXJaYq59X+EzAgaW6MTqIzNIhKugc5MpL4roDhpteYsy/qkVt\n9WxfpYFTzabf3/RBavEucPtdwrHypCCKkWwRohnt0EHiGxoQaoqj/qAqJEluzzMO\nhGVk+1oIDtYKoQxO9XtrS5cqSCt4jkfHAoIBAQDKPqqQEVMpfj55yw7YIsZHaiZM\ntCo6W7JSK6NrtojKrptvzlMniyA4noGlh6+t45nq++4dzKJlxnxr+ZksjaxTq2W3\nm+YnWK6WjvJPxM6KHfsg98n6KrAYzuKuwB4aeIL/JSTyfnv9Ofu3OmjZactAOdIH\n7I9z1sYNOteW/jBtzWodfw92Sn6vH4A7m6LwHyA+yp5e+eiv+I6ZVLbHvrE3BEF3\nrzjTIrpgj9PB8JSwqsh2Iz2t8GnPcbz9FujWpsNGqidysqyoIbPSYpFP0nOjfZr1\nwiUZfZUxG5P3kTCSChM7DSd9Ys+bIDxU7K9UTIgwF/kwQYhpQfZA4kFqfDSW\n-----END RSA PRIVATE KEY-----\n",
      "type": "string",
      "sensitive": true
    }
  },
  "resources": [
    {
      "mode": "managed",
      "type": "azurerm_linux_virtual_machine",
      "name": "backend_vm",
      "provider": "provider[\"registry.terraform.io/hashicorp/azurerm\"]",
      "instances": [
        {
          "schema_version": 0,
          "attributes": {
            "additional_capabilities": [],
            "admin_password": null,
            "admin_ssh_key": [
              {
                "public_key": "ssh-rsa AAAAB3NzaC1yc2EAAAADAQABAAACAQDV2M1SP8N/IFfX9kllRVDkV7YIQpSLhbnUwiVNVfUk57NegFamriNQDpxIL9Jlvv2TVnkeQnGBLScn14b1VdN908PzeffYS/lCEML579jq9xc/tpKe9VFj7OPMUppTfEW7KV4acakDG64+kpTfyzIce///FDHchnUS0EBlcuNOe35NsNhd52uQ/AE6kRoq9ePrXS1Iy5bP++gn9CSfPe8ryH0mpDr/fvdiaxg+M73UzQ9FIeu8Q9494WPM90seegdDGmcwOiueismYOoVu8OfSEiYkiQZkGTuV95x+RkGuricaJNwvtW/1EtVcfD3j/tmCy+bHRrkfp+JOGsu0EXniyVQYvwkcLzAKseOoEkz9wLHkT9bjam/Y2n4hxzwA5ZyWs2nTLQKHBuca+trTfLmH7ACu125Y2OzgEreKa4g602ZZtoRG2UJ5DnwzaO2uPGb/ibAQCAvxTX5oQH/3t2Vsq0UoD6x5TRypZzIf8IIstCYU1MgkX6vhFuDBAXdZE9c/QrLIJqdBhEPNWrezu6khBFZhSj9p8k/ywHrGo0V9wWU1bbmMFVl/ajWLbyvmJkaGm2CyaUk/jKHG2bAmMn/HFtFAax3rC1wzzYNdCPx8h1AqcSFeZg2Ea71D3c8VKtuGhG/uw6eQUn4erwr5HgIoFB5bR9T4ORmXIfxGNQ4w3Q==\n",
                "username": "azureuser"
              }
            ],
            "admin_username": "azureuser",
            "allow_extension_operations": true,
            "availability_set_id": "",
            "boot_diagnostics": [],
            "bypass_platform_safety_checks_on_user_schedule_enabled": false,
            "capacity_reservation_group_id": "",
            "computer_name": "frontendvm",
            "custom_data": null,
            "dedicated_host_group_id": "",
            "dedicated_host_id": "",
            "disable_password_authentication": true,
            "disk_controller_type": "",
            "edge_zone": "",
            "encryption_at_host_enabled": false,
            "eviction_policy": "",
            "extensions_time_budget": "PT1H30M",
            "gallery_application": [],
            "id": "/subscriptions/a2fe0840-7fec-4c9c-876d-5add87e8dc52/resourceGroups/ironhack-project/providers/Microsoft.Compute/virtualMachines/backend",
            "identity": [],
            "license_type": "",
            "location": "westeurope",
            "max_bid_price": -1,
            "name": "backend",
            "network_interface_ids": [
              "/subscriptions/a2fe0840-7fec-4c9c-876d-5add87e8dc52/resourceGroups/ironhack-project/providers/Microsoft.Network/networkInterfaces/ironhack-project-nic-backend"
            ],
            "os_disk": [
              {
                "caching": "ReadWrite",
                "diff_disk_settings": [],
                "disk_encryption_set_id": "",
                "disk_size_gb": 30,
                "name": "backend_os_disk",
                "secure_vm_disk_encryption_set_id": "",
                "security_encryption_type": "",
                "storage_account_type": "Premium_LRS",
                "write_accelerator_enabled": false
              }
            ],
            "os_image_notification": [],
            "patch_assessment_mode": "ImageDefault",
            "patch_mode": "ImageDefault",
            "plan": [],
            "platform_fault_domain": -1,
            "priority": "Regular",
            "private_ip_address": "10.0.2.4",
            "private_ip_addresses": [
              "10.0.2.4"
            ],
            "provision_vm_agent": true,
            "proximity_placement_group_id": "",
            "public_ip_address": "13.95.89.201",
            "public_ip_addresses": [
              "13.95.89.201"
            ],
            "reboot_setting": "",
            "resource_group_name": "ironhack-project",
            "secret": [],
            "secure_boot_enabled": false,
            "size": "Standard_DS1_v2",
            "source_image_id": "",
            "source_image_reference": [
              {
                "offer": "0001-com-ubuntu-server-jammy",
                "publisher": "Canonical",
                "sku": "22_04-lts",
                "version": "latest"
              }
            ],
            "tags": {},
            "termination_notification": [],
            "timeouts": null,
            "user_data": "",
            "virtual_machine_id": "bef8557d-c3b0-4add-827a-24c4eaab1ce6",
            "virtual_machine_scale_set_id": "",
            "vm_agent_platform_updates_enabled": false,
            "vtpm_enabled": false,
            "zone": ""
          },
          "sensitive_attributes": [
            [
              {
                "type": "get_attr",
                "value": "admin_password"
              }
            ],
            [
              {
                "type": "get_attr",
                "value": "custom_data"
              }
            ]
          ],
          "private": "eyJlMmJmYjczMC1lY2FhLTExZTYtOGY4OC0zNDM2M2JjN2M0YzAiOnsiY3JlYXRlIjoyNzAwMDAwMDAwMDAwLCJkZWxldGUiOjI3MDAwMDAwMDAwMDAsInJlYWQiOjMwMDAwMDAwMDAwMCwidXBkYXRlIjoyNzAwMDAwMDAwMDAwfX0=",
          "dependencies": [
            "azurerm_network_interface.backend_nic",
            "azurerm_public_ip.backend_public_ip",
            "azurerm_resource_group.resource-group",
            "azurerm_subnet.backend",
            "azurerm_virtual_network.ironhack_project_vnet",
            "tls_private_key.vm_ssh"
          ]
        }
      ]
    },
    {
      "mode": "managed",
      "type": "azurerm_linux_virtual_machine",
      "name": "frontend_vm",
      "provider": "provider[\"registry.terraform.io/hashicorp/azurerm\"]",
      "instances": [
        {
          "schema_version": 0,
          "attributes": {
            "additional_capabilities": [],
            "admin_password": null,
            "admin_ssh_key": [
              {
                "public_key": "ssh-rsa AAAAB3NzaC1yc2EAAAADAQABAAACAQDV2M1SP8N/IFfX9kllRVDkV7YIQpSLhbnUwiVNVfUk57NegFamriNQDpxIL9Jlvv2TVnkeQnGBLScn14b1VdN908PzeffYS/lCEML579jq9xc/tpKe9VFj7OPMUppTfEW7KV4acakDG64+kpTfyzIce///FDHchnUS0EBlcuNOe35NsNhd52uQ/AE6kRoq9ePrXS1Iy5bP++gn9CSfPe8ryH0mpDr/fvdiaxg+M73UzQ9FIeu8Q9494WPM90seegdDGmcwOiueismYOoVu8OfSEiYkiQZkGTuV95x+RkGuricaJNwvtW/1EtVcfD3j/tmCy+bHRrkfp+JOGsu0EXniyVQYvwkcLzAKseOoEkz9wLHkT9bjam/Y2n4hxzwA5ZyWs2nTLQKHBuca+trTfLmH7ACu125Y2OzgEreKa4g602ZZtoRG2UJ5DnwzaO2uPGb/ibAQCAvxTX5oQH/3t2Vsq0UoD6x5TRypZzIf8IIstCYU1MgkX6vhFuDBAXdZE9c/QrLIJqdBhEPNWrezu6khBFZhSj9p8k/ywHrGo0V9wWU1bbmMFVl/ajWLbyvmJkaGm2CyaUk/jKHG2bAmMn/HFtFAax3rC1wzzYNdCPx8h1AqcSFeZg2Ea71D3c8VKtuGhG/uw6eQUn4erwr5HgIoFB5bR9T4ORmXIfxGNQ4w3Q==\n",
                "username": "azureuser"
              }
            ],
            "admin_username": "azureuser",
            "allow_extension_operations": true,
            "availability_set_id": "",
            "boot_diagnostics": [],
            "bypass_platform_safety_checks_on_user_schedule_enabled": false,
            "capacity_reservation_group_id": "",
            "computer_name": "frontendvm",
            "custom_data": null,
            "dedicated_host_group_id": "",
            "dedicated_host_id": "",
            "disable_password_authentication": true,
            "disk_controller_type": "",
            "edge_zone": "",
            "encryption_at_host_enabled": false,
            "eviction_policy": "",
            "extensions_time_budget": "PT1H30M",
            "gallery_application": [],
            "id": "/subscriptions/a2fe0840-7fec-4c9c-876d-5add87e8dc52/resourceGroups/ironhack-project/providers/Microsoft.Compute/virtualMachines/frontend",
            "identity": [],
            "license_type": "",
            "location": "westeurope",
            "max_bid_price": -1,
            "name": "frontend",
            "network_interface_ids": [
              "/subscriptions/a2fe0840-7fec-4c9c-876d-5add87e8dc52/resourceGroups/ironhack-project/providers/Microsoft.Network/networkInterfaces/ironhack-project-nic-frontend"
            ],
            "os_disk": [
              {
                "caching": "ReadWrite",
                "diff_disk_settings": [],
                "disk_encryption_set_id": "",
                "disk_size_gb": 30,
                "name": "frontend_os_disk",
                "secure_vm_disk_encryption_set_id": "",
                "security_encryption_type": "",
                "storage_account_type": "Premium_LRS",
                "write_accelerator_enabled": false
              }
            ],
            "os_image_notification": [],
            "patch_assessment_mode": "ImageDefault",
            "patch_mode": "ImageDefault",
            "plan": [],
            "platform_fault_domain": -1,
            "priority": "Regular",
            "private_ip_address": "10.0.3.4",
            "private_ip_addresses": [
              "10.0.3.4"
            ],
            "provision_vm_agent": true,
            "proximity_placement_group_id": "",
            "public_ip_address": "52.166.51.31",
            "public_ip_addresses": [
              "52.166.51.31"
            ],
            "reboot_setting": "",
            "resource_group_name": "ironhack-project",
            "secret": [],
            "secure_boot_enabled": false,
            "size": "Standard_DS1_v2",
            "source_image_id": "",
            "source_image_reference": [
              {
                "offer": "0001-com-ubuntu-server-jammy",
                "publisher": "Canonical",
                "sku": "22_04-lts",
                "version": "latest"
              }
            ],
            "tags": {},
            "termination_notification": [],
            "timeouts": null,
            "user_data": "",
            "virtual_machine_id": "28c0606c-7613-4c2f-9916-b082a2cbfebd",
            "virtual_machine_scale_set_id": "",
            "vm_agent_platform_updates_enabled": false,
            "vtpm_enabled": false,
            "zone": ""
          },
          "sensitive_attributes": [
            [
              {
                "type": "get_attr",
                "value": "admin_password"
              }
            ],
            [
              {
                "type": "get_attr",
                "value": "custom_data"
              }
            ]
          ],
          "private": "eyJlMmJmYjczMC1lY2FhLTExZTYtOGY4OC0zNDM2M2JjN2M0YzAiOnsiY3JlYXRlIjoyNzAwMDAwMDAwMDAwLCJkZWxldGUiOjI3MDAwMDAwMDAwMDAsInJlYWQiOjMwMDAwMDAwMDAwMCwidXBkYXRlIjoyNzAwMDAwMDAwMDAwfX0=",
          "dependencies": [
            "azurerm_network_interface.frontend_nic",
            "azurerm_public_ip.frontend_public_ip",
            "azurerm_resource_group.resource-group",
            "azurerm_subnet.frontend",
            "azurerm_virtual_network.ironhack_project_vnet",
            "tls_private_key.vm_ssh"
          ]
        }
      ]
    },
    {
      "mode": "managed",
      "type": "azurerm_network_interface",
      "name": "backend_nic",
      "provider": "provider[\"registry.terraform.io/hashicorp/azurerm\"]",
      "instances": [
        {
          "schema_version": 0,
          "attributes": {
            "accelerated_networking_enabled": false,
            "applied_dns_servers": [],
            "auxiliary_mode": "",
            "auxiliary_sku": "",
            "dns_servers": [],
            "edge_zone": "",
            "enable_accelerated_networking": false,
            "enable_ip_forwarding": false,
            "id": "/subscriptions/a2fe0840-7fec-4c9c-876d-5add87e8dc52/resourceGroups/ironhack-project/providers/Microsoft.Network/networkInterfaces/ironhack-project-nic-backend",
            "internal_dns_name_label": "",
            "internal_domain_name_suffix": "hvwfn2g0h4mu3g3rrnjyzjgwwc.ax.internal.cloudapp.net",
            "ip_configuration": [
              {
                "gateway_load_balancer_frontend_ip_configuration_id": "",
                "name": "ip_configuration_backend",
                "primary": true,
                "private_ip_address": "10.0.2.4",
                "private_ip_address_allocation": "Dynamic",
                "private_ip_address_version": "IPv4",
                "public_ip_address_id": "/subscriptions/a2fe0840-7fec-4c9c-876d-5add87e8dc52/resourceGroups/ironhack-project/providers/Microsoft.Network/publicIPAddresses/cteixeira_ironhackproject_backend",
                "subnet_id": "/subscriptions/a2fe0840-7fec-4c9c-876d-5add87e8dc52/resourceGroups/ironhack-project/providers/Microsoft.Network/virtualNetworks/ironhack-project-vnet/subnets/backend_subnet"
              }
            ],
            "ip_forwarding_enabled": false,
            "location": "westeurope",
            "mac_address": "60-45-BD-F5-B4-62",
            "name": "ironhack-project-nic-backend",
            "private_ip_address": "10.0.2.4",
            "private_ip_addresses": [
              "10.0.2.4"
            ],
            "resource_group_name": "ironhack-project",
            "tags": {},
            "timeouts": null,
            "virtual_machine_id": "/subscriptions/a2fe0840-7fec-4c9c-876d-5add87e8dc52/resourceGroups/ironhack-project/providers/Microsoft.Compute/virtualMachines/backend"
          },
          "sensitive_attributes": [],
          "private": "eyJlMmJmYjczMC1lY2FhLTExZTYtOGY4OC0zNDM2M2JjN2M0YzAiOnsiY3JlYXRlIjoxODAwMDAwMDAwMDAwLCJkZWxldGUiOjE4MDAwMDAwMDAwMDAsInJlYWQiOjMwMDAwMDAwMDAwMCwidXBkYXRlIjoxODAwMDAwMDAwMDAwfX0=",
          "dependencies": [
            "azurerm_public_ip.backend_public_ip",
            "azurerm_resource_group.resource-group",
            "azurerm_subnet.backend",
            "azurerm_virtual_network.ironhack_project_vnet"
          ]
        }
      ]
    },
    {
      "mode": "managed",
      "type": "azurerm_network_interface",
      "name": "frontend_nic",
      "provider": "provider[\"registry.terraform.io/hashicorp/azurerm\"]",
      "instances": [
        {
          "schema_version": 0,
          "attributes": {
            "accelerated_networking_enabled": false,
            "applied_dns_servers": [],
            "auxiliary_mode": "",
            "auxiliary_sku": "",
            "dns_servers": [],
            "edge_zone": "",
            "enable_accelerated_networking": false,
            "enable_ip_forwarding": false,
            "id": "/subscriptions/a2fe0840-7fec-4c9c-876d-5add87e8dc52/resourceGroups/ironhack-project/providers/Microsoft.Network/networkInterfaces/ironhack-project-nic-frontend",
            "internal_dns_name_label": "",
            "internal_domain_name_suffix": "hvwfn2g0h4mu3g3rrnjyzjgwwc.ax.internal.cloudapp.net",
            "ip_configuration": [
              {
                "gateway_load_balancer_frontend_ip_configuration_id": "",
                "name": "ip_configuration_frontend",
                "primary": true,
                "private_ip_address": "10.0.3.4",
                "private_ip_address_allocation": "Dynamic",
                "private_ip_address_version": "IPv4",
                "public_ip_address_id": "/subscriptions/a2fe0840-7fec-4c9c-876d-5add87e8dc52/resourceGroups/ironhack-project/providers/Microsoft.Network/publicIPAddresses/cteixeira_ironhackproject_frontend",
                "subnet_id": "/subscriptions/a2fe0840-7fec-4c9c-876d-5add87e8dc52/resourceGroups/ironhack-project/providers/Microsoft.Network/virtualNetworks/ironhack-project-vnet/subnets/frontend_subnet"
              }
            ],
            "ip_forwarding_enabled": false,
            "location": "westeurope",
            "mac_address": "7C-1E-52-29-94-87",
            "name": "ironhack-project-nic-frontend",
            "private_ip_address": "10.0.3.4",
            "private_ip_addresses": [
              "10.0.3.4"
            ],
            "resource_group_name": "ironhack-project",
            "tags": {},
            "timeouts": null,
            "virtual_machine_id": "/subscriptions/a2fe0840-7fec-4c9c-876d-5add87e8dc52/resourceGroups/ironhack-project/providers/Microsoft.Compute/virtualMachines/frontend"
          },
          "sensitive_attributes": [],
          "private": "eyJlMmJmYjczMC1lY2FhLTExZTYtOGY4OC0zNDM2M2JjN2M0YzAiOnsiY3JlYXRlIjoxODAwMDAwMDAwMDAwLCJkZWxldGUiOjE4MDAwMDAwMDAwMDAsInJlYWQiOjMwMDAwMDAwMDAwMCwidXBkYXRlIjoxODAwMDAwMDAwMDAwfX0=",
          "dependencies": [
            "azurerm_public_ip.frontend_public_ip",
            "azurerm_resource_group.resource-group",
            "azurerm_subnet.frontend",
            "azurerm_virtual_network.ironhack_project_vnet"
          ]
        }
      ]
    },
    {
      "mode": "managed",
      "type": "azurerm_network_interface_security_group_association",
      "name": "nic_ssh_backend",
      "provider": "provider[\"registry.terraform.io/hashicorp/azurerm\"]",
      "instances": [
        {
          "schema_version": 0,
          "attributes": {
            "id": "/subscriptions/a2fe0840-7fec-4c9c-876d-5add87e8dc52/resourceGroups/ironhack-project/providers/Microsoft.Network/networkInterfaces/ironhack-project-nic-backend|/subscriptions/a2fe0840-7fec-4c9c-876d-5add87e8dc52/resourceGroups/ironhack-project/providers/Microsoft.Network/networkSecurityGroups/frontend_nsg",
            "network_interface_id": "/subscriptions/a2fe0840-7fec-4c9c-876d-5add87e8dc52/resourceGroups/ironhack-project/providers/Microsoft.Network/networkInterfaces/ironhack-project-nic-backend",
            "network_security_group_id": "/subscriptions/a2fe0840-7fec-4c9c-876d-5add87e8dc52/resourceGroups/ironhack-project/providers/Microsoft.Network/networkSecurityGroups/frontend_nsg",
            "timeouts": null
          },
          "sensitive_attributes": [],
          "private": "eyJlMmJmYjczMC1lY2FhLTExZTYtOGY4OC0zNDM2M2JjN2M0YzAiOnsiY3JlYXRlIjoxODAwMDAwMDAwMDAwLCJkZWxldGUiOjE4MDAwMDAwMDAwMDAsInJlYWQiOjMwMDAwMDAwMDAwMH19",
          "dependencies": [
            "azurerm_network_interface.backend_nic",
            "azurerm_network_security_group.frontend_nsg",
            "azurerm_public_ip.backend_public_ip",
            "azurerm_resource_group.resource-group",
            "azurerm_subnet.backend",
            "azurerm_virtual_network.ironhack_project_vnet"
          ]
        }
      ]
    },
    {
      "mode": "managed",
      "type": "azurerm_network_interface_security_group_association",
      "name": "nic_ssh_frontend",
      "provider": "provider[\"registry.terraform.io/hashicorp/azurerm\"]",
      "instances": [
        {
          "schema_version": 0,
          "attributes": {
            "id": "/subscriptions/a2fe0840-7fec-4c9c-876d-5add87e8dc52/resourceGroups/ironhack-project/providers/Microsoft.Network/networkInterfaces/ironhack-project-nic-frontend|/subscriptions/a2fe0840-7fec-4c9c-876d-5add87e8dc52/resourceGroups/ironhack-project/providers/Microsoft.Network/networkSecurityGroups/frontend_nsg",
            "network_interface_id": "/subscriptions/a2fe0840-7fec-4c9c-876d-5add87e8dc52/resourceGroups/ironhack-project/providers/Microsoft.Network/networkInterfaces/ironhack-project-nic-frontend",
            "network_security_group_id": "/subscriptions/a2fe0840-7fec-4c9c-876d-5add87e8dc52/resourceGroups/ironhack-project/providers/Microsoft.Network/networkSecurityGroups/frontend_nsg",
            "timeouts": null
          },
          "sensitive_attributes": [],
          "private": "eyJlMmJmYjczMC1lY2FhLTExZTYtOGY4OC0zNDM2M2JjN2M0YzAiOnsiY3JlYXRlIjoxODAwMDAwMDAwMDAwLCJkZWxldGUiOjE4MDAwMDAwMDAwMDAsInJlYWQiOjMwMDAwMDAwMDAwMH19",
          "dependencies": [
            "azurerm_network_interface.frontend_nic",
            "azurerm_network_security_group.frontend_nsg",
            "azurerm_public_ip.frontend_public_ip",
            "azurerm_resource_group.resource-group",
            "azurerm_subnet.frontend",
            "azurerm_virtual_network.ironhack_project_vnet"
          ]
        }
      ]
    },
    {
      "mode": "managed",
      "type": "azurerm_network_security_group",
      "name": "backend_nsg",
      "provider": "provider[\"registry.terraform.io/hashicorp/azurerm\"]",
      "instances": [
        {
          "schema_version": 0,
          "attributes": {
            "id": "/subscriptions/a2fe0840-7fec-4c9c-876d-5add87e8dc52/resourceGroups/ironhack-project/providers/Microsoft.Network/networkSecurityGroups/backend_nsg",
            "location": "westeurope",
            "name": "backend_nsg",
            "resource_group_name": "ironhack-project",
            "security_rule": [
              {
                "access": "Allow",
                "description": "",
                "destination_address_prefix": "*",
                "destination_address_prefixes": [],
                "destination_application_security_group_ids": [],
                "destination_port_range": "22",
                "destination_port_ranges": [],
                "direction": "Inbound",
                "name": "SSH",
                "priority": 1001,
                "protocol": "Tcp",
                "source_address_prefix": "*",
                "source_address_prefixes": [],
                "source_application_security_group_ids": [],
                "source_port_range": "*",
                "source_port_ranges": []
              },
              {
                "access": "Allow",
                "description": "",
                "destination_address_prefix": "*",
                "destination_address_prefixes": [],
                "destination_application_security_group_ids": [],
                "destination_port_range": "6379",
                "destination_port_ranges": [],
                "direction": "Inbound",
                "name": "redis",
                "priority": 1002,
                "protocol": "Tcp",
                "source_address_prefix": "*",
                "source_address_prefixes": [],
                "source_application_security_group_ids": [],
                "source_port_range": "*",
                "source_port_ranges": []
              }
            ],
            "tags": {},
            "timeouts": null
          },
          "sensitive_attributes": [],
          "private": "eyJlMmJmYjczMC1lY2FhLTExZTYtOGY4OC0zNDM2M2JjN2M0YzAiOnsiY3JlYXRlIjoxODAwMDAwMDAwMDAwLCJkZWxldGUiOjE4MDAwMDAwMDAwMDAsInJlYWQiOjMwMDAwMDAwMDAwMCwidXBkYXRlIjoxODAwMDAwMDAwMDAwfX0=",
          "dependencies": [
            "azurerm_resource_group.resource-group"
          ]
        }
      ]
    },
    {
      "mode": "managed",
      "type": "azurerm_network_security_group",
      "name": "frontend_nsg",
      "provider": "provider[\"registry.terraform.io/hashicorp/azurerm\"]",
      "instances": [
        {
          "schema_version": 0,
          "attributes": {
            "id": "/subscriptions/a2fe0840-7fec-4c9c-876d-5add87e8dc52/resourceGroups/ironhack-project/providers/Microsoft.Network/networkSecurityGroups/frontend_nsg",
            "location": "westeurope",
            "name": "frontend_nsg",
            "resource_group_name": "ironhack-project",
            "security_rule": [
              {
                "access": "Allow",
                "description": "",
                "destination_address_prefix": "*",
                "destination_address_prefixes": [],
                "destination_application_security_group_ids": [],
                "destination_port_range": "80",
                "destination_port_ranges": [],
                "direction": "Inbound",
                "name": "httpport",
                "priority": 1050,
                "protocol": "Tcp",
                "source_address_prefix": "*",
                "source_address_prefixes": [],
                "source_application_security_group_ids": [],
                "source_port_range": "*",
                "source_port_ranges": []
              },
              {
                "access": "Allow",
                "description": null,
                "destination_address_prefix": "*",
                "destination_address_prefixes": [],
                "destination_application_security_group_ids": [],
                "destination_port_range": "22",
                "destination_port_ranges": [],
                "direction": "Inbound",
                "name": "SSH",
                "priority": 1001,
                "protocol": "Tcp",
                "source_address_prefix": "*",
                "source_address_prefixes": [],
                "source_application_security_group_ids": [],
                "source_port_range": "*",
                "source_port_ranges": []
              },
              {
                "access": "Allow",
                "description": null,
                "destination_address_prefix": "*",
                "destination_address_prefixes": [],
                "destination_application_security_group_ids": [],
                "destination_port_range": "8080",
                "destination_port_ranges": [],
                "direction": "Inbound",
                "name": "voteapp",
                "priority": 1010,
                "protocol": "Tcp",
                "source_address_prefix": "*",
                "source_address_prefixes": [],
                "source_application_security_group_ids": [],
                "source_port_range": "*",
                "source_port_ranges": []
              },
              {
                "access": "Allow",
                "description": null,
                "destination_address_prefix": "*",
                "destination_address_prefixes": [],
                "destination_application_security_group_ids": [],
                "destination_port_range": "8090",
                "destination_port_ranges": [],
                "direction": "Inbound",
                "name": "resultapp",
                "priority": 1020,
                "protocol": "Tcp",
                "source_address_prefix": "*",
                "source_address_prefixes": [],
                "source_application_security_group_ids": [],
                "source_port_range": "*",
                "source_port_ranges": []
              }
            ],
            "tags": {},
            "timeouts": null
          },
          "sensitive_attributes": [],
          "private": "eyJlMmJmYjczMC1lY2FhLTExZTYtOGY4OC0zNDM2M2JjN2M0YzAiOnsiY3JlYXRlIjoxODAwMDAwMDAwMDAwLCJkZWxldGUiOjE4MDAwMDAwMDAwMDAsInJlYWQiOjMwMDAwMDAwMDAwMCwidXBkYXRlIjoxODAwMDAwMDAwMDAwfX0=",
          "dependencies": [
            "azurerm_resource_group.resource-group"
          ]
        }
      ]
    },
    {
      "mode": "managed",
      "type": "azurerm_public_ip",
      "name": "backend_public_ip",
      "provider": "provider[\"registry.terraform.io/hashicorp/azurerm\"]",
      "instances": [
        {
          "schema_version": 0,
          "attributes": {
            "allocation_method": "Dynamic",
            "ddos_protection_mode": "VirtualNetworkInherited",
            "ddos_protection_plan_id": null,
            "domain_name_label": null,
            "edge_zone": "",
            "fqdn": null,
            "id": "/subscriptions/a2fe0840-7fec-4c9c-876d-5add87e8dc52/resourceGroups/ironhack-project/providers/Microsoft.Network/publicIPAddresses/cteixeira_ironhackproject_backend",
            "idle_timeout_in_minutes": 4,
            "ip_address": "13.95.89.201",
            "ip_tags": {},
            "ip_version": "IPv4",
            "location": "westeurope",
            "name": "cteixeira_ironhackproject_backend",
            "public_ip_prefix_id": null,
            "resource_group_name": "ironhack-project",
            "reverse_fqdn": null,
            "sku": "Basic",
            "sku_tier": "Regional",
            "tags": {},
            "timeouts": null,
            "zones": []
          },
          "sensitive_attributes": [],
          "private": "eyJlMmJmYjczMC1lY2FhLTExZTYtOGY4OC0zNDM2M2JjN2M0YzAiOnsiY3JlYXRlIjoxODAwMDAwMDAwMDAwLCJkZWxldGUiOjE4MDAwMDAwMDAwMDAsInJlYWQiOjMwMDAwMDAwMDAwMCwidXBkYXRlIjoxODAwMDAwMDAwMDAwfX0=",
          "dependencies": [
            "azurerm_resource_group.resource-group"
          ]
        }
      ]
    },
    {
      "mode": "managed",
      "type": "azurerm_public_ip",
      "name": "frontend_public_ip",
      "provider": "provider[\"registry.terraform.io/hashicorp/azurerm\"]",
      "instances": [
        {
          "schema_version": 0,
          "attributes": {
            "allocation_method": "Dynamic",
            "ddos_protection_mode": "VirtualNetworkInherited",
            "ddos_protection_plan_id": null,
            "domain_name_label": null,
            "edge_zone": "",
            "fqdn": null,
            "id": "/subscriptions/a2fe0840-7fec-4c9c-876d-5add87e8dc52/resourceGroups/ironhack-project/providers/Microsoft.Network/publicIPAddresses/cteixeira_ironhackproject_frontend",
            "idle_timeout_in_minutes": 4,
            "ip_address": "52.166.51.31",
            "ip_tags": {},
            "ip_version": "IPv4",
            "location": "westeurope",
            "name": "cteixeira_ironhackproject_frontend",
            "public_ip_prefix_id": null,
            "resource_group_name": "ironhack-project",
            "reverse_fqdn": null,
            "sku": "Basic",
            "sku_tier": "Regional",
            "tags": {},
            "timeouts": null,
            "zones": []
          },
          "sensitive_attributes": [],
          "private": "eyJlMmJmYjczMC1lY2FhLTExZTYtOGY4OC0zNDM2M2JjN2M0YzAiOnsiY3JlYXRlIjoxODAwMDAwMDAwMDAwLCJkZWxldGUiOjE4MDAwMDAwMDAwMDAsInJlYWQiOjMwMDAwMDAwMDAwMCwidXBkYXRlIjoxODAwMDAwMDAwMDAwfX0=",
          "dependencies": [
            "azurerm_resource_group.resource-group"
          ]
        }
      ]
    },
    {
      "mode": "managed",
      "type": "azurerm_resource_group",
      "name": "resource-group",
      "provider": "provider[\"registry.terraform.io/hashicorp/azurerm\"]",
      "instances": [
        {
          "schema_version": 0,
          "attributes": {
            "id": "/subscriptions/a2fe0840-7fec-4c9c-876d-5add87e8dc52/resourceGroups/ironhack-project",
            "location": "westeurope",
            "managed_by": "",
            "name": "ironhack-project",
            "tags": {},
            "timeouts": null
          },
          "sensitive_attributes": [],
          "private": "eyJlMmJmYjczMC1lY2FhLTExZTYtOGY4OC0zNDM2M2JjN2M0YzAiOnsiY3JlYXRlIjo1NDAwMDAwMDAwMDAwLCJkZWxldGUiOjU0MDAwMDAwMDAwMDAsInJlYWQiOjMwMDAwMDAwMDAwMCwidXBkYXRlIjo1NDAwMDAwMDAwMDAwfX0="
        }
      ]
    },
    {
      "mode": "managed",
      "type": "azurerm_subnet",
      "name": "backend",
      "provider": "provider[\"registry.terraform.io/hashicorp/azurerm\"]",
      "instances": [
        {
          "schema_version": 0,
          "attributes": {
            "address_prefixes": [
              "10.0.2.0/24"
            ],
            "default_outbound_access_enabled": true,
            "delegation": [],
            "enforce_private_link_endpoint_network_policies": false,
            "enforce_private_link_service_network_policies": false,
            "id": "/subscriptions/a2fe0840-7fec-4c9c-876d-5add87e8dc52/resourceGroups/ironhack-project/providers/Microsoft.Network/virtualNetworks/ironhack-project-vnet/subnets/backend_subnet",
            "name": "backend_subnet",
            "private_endpoint_network_policies": "Enabled",
            "private_endpoint_network_policies_enabled": true,
            "private_link_service_network_policies_enabled": true,
            "resource_group_name": "ironhack-project",
            "service_endpoint_policy_ids": [],
            "service_endpoints": [],
            "timeouts": null,
            "virtual_network_name": "ironhack-project-vnet"
          },
          "sensitive_attributes": [],
          "private": "eyJlMmJmYjczMC1lY2FhLTExZTYtOGY4OC0zNDM2M2JjN2M0YzAiOnsiY3JlYXRlIjoxODAwMDAwMDAwMDAwLCJkZWxldGUiOjE4MDAwMDAwMDAwMDAsInJlYWQiOjMwMDAwMDAwMDAwMCwidXBkYXRlIjoxODAwMDAwMDAwMDAwfX0=",
          "dependencies": [
            "azurerm_resource_group.resource-group",
            "azurerm_virtual_network.ironhack_project_vnet"
          ]
        }
      ]
    },
    {
      "mode": "managed",
      "type": "azurerm_subnet",
      "name": "frontend",
      "provider": "provider[\"registry.terraform.io/hashicorp/azurerm\"]",
      "instances": [
        {
          "schema_version": 0,
          "attributes": {
            "address_prefixes": [
              "10.0.3.0/24"
            ],
            "default_outbound_access_enabled": true,
            "delegation": [],
            "enforce_private_link_endpoint_network_policies": false,
            "enforce_private_link_service_network_policies": false,
            "id": "/subscriptions/a2fe0840-7fec-4c9c-876d-5add87e8dc52/resourceGroups/ironhack-project/providers/Microsoft.Network/virtualNetworks/ironhack-project-vnet/subnets/frontend_subnet",
            "name": "frontend_subnet",
            "private_endpoint_network_policies": "Enabled",
            "private_endpoint_network_policies_enabled": true,
            "private_link_service_network_policies_enabled": true,
            "resource_group_name": "ironhack-project",
            "service_endpoint_policy_ids": [],
            "service_endpoints": [],
            "timeouts": null,
            "virtual_network_name": "ironhack-project-vnet"
          },
          "sensitive_attributes": [],
          "private": "eyJlMmJmYjczMC1lY2FhLTExZTYtOGY4OC0zNDM2M2JjN2M0YzAiOnsiY3JlYXRlIjoxODAwMDAwMDAwMDAwLCJkZWxldGUiOjE4MDAwMDAwMDAwMDAsInJlYWQiOjMwMDAwMDAwMDAwMCwidXBkYXRlIjoxODAwMDAwMDAwMDAwfX0=",
          "dependencies": [
            "azurerm_resource_group.resource-group",
            "azurerm_virtual_network.ironhack_project_vnet"
          ]
        }
      ]
    },
    {
      "mode": "managed",
      "type": "azurerm_virtual_network",
      "name": "ironhack_project_vnet",
      "provider": "provider[\"registry.terraform.io/hashicorp/azurerm\"]",
      "instances": [
        {
          "schema_version": 0,
          "attributes": {
            "address_space": [
              "10.0.0.0/16"
            ],
            "bgp_community": "",
            "ddos_protection_plan": [],
            "dns_servers": [],
            "edge_zone": "",
            "encryption": [],
            "flow_timeout_in_minutes": 0,
            "guid": "f0566c3d-3fda-4e99-9bb1-8b538ca4d6b2",
            "id": "/subscriptions/a2fe0840-7fec-4c9c-876d-5add87e8dc52/resourceGroups/ironhack-project/providers/Microsoft.Network/virtualNetworks/ironhack-project-vnet",
            "location": "westeurope",
            "name": "ironhack-project-vnet",
            "resource_group_name": "ironhack-project",
            "subnet": [
              {
                "address_prefix": "10.0.2.0/24",
                "id": "/subscriptions/a2fe0840-7fec-4c9c-876d-5add87e8dc52/resourceGroups/ironhack-project/providers/Microsoft.Network/virtualNetworks/ironhack-project-vnet/subnets/backend_subnet",
                "name": "backend_subnet",
                "security_group": ""
              },
              {
                "address_prefix": "10.0.3.0/24",
                "id": "/subscriptions/a2fe0840-7fec-4c9c-876d-5add87e8dc52/resourceGroups/ironhack-project/providers/Microsoft.Network/virtualNetworks/ironhack-project-vnet/subnets/frontend_subnet",
                "name": "frontend_subnet",
                "security_group": ""
              }
            ],
            "tags": {},
            "timeouts": null
          },
          "sensitive_attributes": [],
          "private": "eyJlMmJmYjczMC1lY2FhLTExZTYtOGY4OC0zNDM2M2JjN2M0YzAiOnsiY3JlYXRlIjoxODAwMDAwMDAwMDAwLCJkZWxldGUiOjE4MDAwMDAwMDAwMDAsInJlYWQiOjMwMDAwMDAwMDAwMCwidXBkYXRlIjoxODAwMDAwMDAwMDAwfX0=",
          "dependencies": [
            "azurerm_resource_group.resource-group"
          ]
        }
      ]
    },
    {
      "mode": "managed",
      "type": "tls_private_key",
      "name": "vm_ssh",
      "provider": "provider[\"registry.terraform.io/hashicorp/tls\"]",
      "instances": [
        {
          "schema_version": 1,
          "attributes": {
            "algorithm": "RSA",
            "ecdsa_curve": "P224",
            "id": "bb002444638f12cc6ba128f48e254409204bef7e",
            "private_key_openssh": "-----BEGIN OPENSSH PRIVATE KEY-----\nb3BlbnNzaC1rZXktdjEAAAAABG5vbmUAAAAEbm9uZQAAAAAAAAABAAACFwAAAAdz\nc2gtcnNhAAAAAwEAAQAAAgEA1djNUj/DfyBX1/ZJZUVQ5Fe2CEKUi4W51MIlTVX1\nJOezXoBWpq4jUA6cSC/SZb79k1Z5HkJxgS0nJ9eG9VXTfdPD83n32Ev5QhDC+e/Y\n6vcXP7aSnvVRY+zjzFKaU3xFuyleGnGpAxuuPpKU38syHHv//xQx3IZ1EtBAZXLj\nTnt+TbDYXedrkPwBOpEaKvXj610tSMuWz/voJ/Qknz3vK8h9JqQ6/373YmsYPjO9\n1M0PRSHrvEPePeFjzPdLHnoHQxpnMDornorJmDqFbvDn0hImJIkGZBk7lfecfkZB\nrq4nGiTcL7Vv9RLVXHw94/7Zgsvmx0a5H6fiThrLtBF54slUGL8JHC8wCrHjqBJM\n/cCx5E/W42pv2Np+Icc8AOWclrNp0y0ChwbnGvra03y5h+wArtduWNjs4BK3imuI\nOtNmWbaERtlCeQ58M2jtrjxm/4mwEAgL8U1+aEB/97dlbKtFKA+seU0cqWcyH/CC\nLLQmFNTIJF+r4RbgwQF3WRPXP0KyyCanQYRDzVq3s7upIQRWYUo/afJP8sB6xqNF\nfcFlNW25jBVZf2o1i28r5iZGhptgsmlJP4yhxtmwJjJ/xxbRQGsd6wtcM82DXQj8\nfIdQKnEhXmYNhGu9Q93PFSrbhoRv7sOnkFJ+Hq8K+R4CKBQeW0fU+DkZlyH8RjUO\nMN0AAAc454tUqueLVKoAAAAHc3NoLXJzYQAAAgEA1djNUj/DfyBX1/ZJZUVQ5Fe2\nCEKUi4W51MIlTVX1JOezXoBWpq4jUA6cSC/SZb79k1Z5HkJxgS0nJ9eG9VXTfdPD\n83n32Ev5QhDC+e/Y6vcXP7aSnvVRY+zjzFKaU3xFuyleGnGpAxuuPpKU38syHHv/\n/xQx3IZ1EtBAZXLjTnt+TbDYXedrkPwBOpEaKvXj610tSMuWz/voJ/Qknz3vK8h9\nJqQ6/373YmsYPjO91M0PRSHrvEPePeFjzPdLHnoHQxpnMDornorJmDqFbvDn0hIm\nJIkGZBk7lfecfkZBrq4nGiTcL7Vv9RLVXHw94/7Zgsvmx0a5H6fiThrLtBF54slU\nGL8JHC8wCrHjqBJM/cCx5E/W42pv2Np+Icc8AOWclrNp0y0ChwbnGvra03y5h+wA\nrtduWNjs4BK3imuIOtNmWbaERtlCeQ58M2jtrjxm/4mwEAgL8U1+aEB/97dlbKtF\nKA+seU0cqWcyH/CCLLQmFNTIJF+r4RbgwQF3WRPXP0KyyCanQYRDzVq3s7upIQRW\nYUo/afJP8sB6xqNFfcFlNW25jBVZf2o1i28r5iZGhptgsmlJP4yhxtmwJjJ/xxbR\nQGsd6wtcM82DXQj8fIdQKnEhXmYNhGu9Q93PFSrbhoRv7sOnkFJ+Hq8K+R4CKBQe\nW0fU+DkZlyH8RjUOMN0AAAADAQABAAACAGYM1zbX/Qhuu9zwyGfOo2LExLa+ZzsJ\n7vusRrbYPWuGMt/3KOLUGT/8KPJ9987cTRCB5LzfAmGd1aC6xsnPUmUqqMlJPFB5\nORMhAprZrc+7aNnb266F7XhdNPxtsv4CQRinDiRad0hnbkioFOmTg296cVkeHwlZ\nFQeMYB7Jq9XpMwYKTcbKSFfhGwkC89TqkQDh71lc5rSMR2bBqLRhjwB65daJ6ynA\nQngyGVidwoqJ7S6VmHS4gpdPNxw6Kxv5KfwI3pNyPxyiqL+/tauSxV5HkPJAfc9J\nB1ly17ie+HtO2pQsYPNXh30RpsZC+BoUpWI4wgH5KyEDMgkJ2ootCNekkp1I7xeI\n6er1kDBVWlWuCElVh94F+jds33vjpLaLKainKDiD7ZpPIB6vcjKSjh1Bz/Jel4O4\na/yFc/RysdJm9m9VQB560DIqfmib7qk6d8jvgI6+qSw5FvVNk+i0IM3/tyqLeGnG\nFJ+mKfKETbpUoqnWuFoYwQgOoPNUNPaknrHcKrZcovaZMullTqrJ09RKOnxsMI8d\npbhLM+FosoSCa5/8fPFejQN62mtRoIaSzljkIcNsRZFmKAPYK8ZYun8C53TtE5oH\n9BhXyqVhj1WRtPRQclidAwxKos6+s4SRrZ1DAZkJCoeA9/z1qlYe7MCGkq4x96BP\n9tN5Sj84E9c1AAABAQDKPqqQEVMpfj55yw7YIsZHaiZMtCo6W7JSK6NrtojKrptv\nzlMniyA4noGlh6+t45nq++4dzKJlxnxr+ZksjaxTq2W3m+YnWK6WjvJPxM6KHfsg\n98n6KrAYzuKuwB4aeIL/JSTyfnv9Ofu3OmjZactAOdIH7I9z1sYNOteW/jBtzWod\nfw92Sn6vH4A7m6LwHyA+yp5e+eiv+I6ZVLbHvrE3BEF3rzjTIrpgj9PB8JSwqsh2\nIz2t8GnPcbz9FujWpsNGqidysqyoIbPSYpFP0nOjfZr1wiUZfZUxG5P3kTCSChM7\nDSd9Ys+bIDxU7K9UTIgwF/kwQYhpQfZA4kFqfDSWAAABAQD2mACbryfdkQUdWxrp\nY7zHEKy6r1NsSC9NLciK94hDpCwott0iJwYcqNZVPbeNO4b5UCjqCIimTAf7AGQ/\nQmeonDpWWXBDdqYG2/8Ex3F9bukegHG2r53UOSKkHqlNXxwghHoB6WylVHnveXJu\nB8uTZzcryWOyUnEj4jywWTfc9idf33kNtA9R6hTlikbhofrYKFMILuJLBb+tteZr\nr1jeiyg1PAhJDttZqqTdc24cZdGMUOkqOanbXrCG+bEWfGX/FK3mq+O03wrS/PT7\n07dXN6jWMmJpbKaZI0I9kh/SVLlmp7SXkjI0PDVHpS2UF4Vd7MYc516/Db4q5QeI\ns/eXAAABAQDeAQZvyLdQB40R7u19bbwt9anWL7G8B+hbtfTfX8B2B3qaaHGEy45u\ncWViVIuBV9g78ppSMb45GOJcnd10zUTMojU3jjyCzOetEMD3IiB7BYQ/rSHS0HIi\nX1Kv07ZJiE6GLPaOJqwteMGJ7dx74wJDhHVysPfBlS84r2FY6oFdNX9syVnkJrJv\n08TZRMTymHkALT+JgeEo4h0g9hC+c1qucoj72EjTc2EusL+wHUuv5U9ZxeqDAA0r\nZugfdWMW0RTwsCw6Q7kBuCZzQrHqTLxv8jbtEbLF8bQan+N5iP+/dx5PmZYQpj7l\nEeNmC2vXKefLU6s2yDjy9exdH+8AaImrAAAAAAEC\n-----END OPENSSH PRIVATE KEY-----\n",
            "private_key_pem": "-----BEGIN RSA PRIVATE KEY-----\nMIIJKQIBAAKCAgEA1djNUj/DfyBX1/ZJZUVQ5Fe2CEKUi4W51MIlTVX1JOezXoBW\npq4jUA6cSC/SZb79k1Z5HkJxgS0nJ9eG9VXTfdPD83n32Ev5QhDC+e/Y6vcXP7aS\nnvVRY+zjzFKaU3xFuyleGnGpAxuuPpKU38syHHv//xQx3IZ1EtBAZXLjTnt+TbDY\nXedrkPwBOpEaKvXj610tSMuWz/voJ/Qknz3vK8h9JqQ6/373YmsYPjO91M0PRSHr\nvEPePeFjzPdLHnoHQxpnMDornorJmDqFbvDn0hImJIkGZBk7lfecfkZBrq4nGiTc\nL7Vv9RLVXHw94/7Zgsvmx0a5H6fiThrLtBF54slUGL8JHC8wCrHjqBJM/cCx5E/W\n42pv2Np+Icc8AOWclrNp0y0ChwbnGvra03y5h+wArtduWNjs4BK3imuIOtNmWbaE\nRtlCeQ58M2jtrjxm/4mwEAgL8U1+aEB/97dlbKtFKA+seU0cqWcyH/CCLLQmFNTI\nJF+r4RbgwQF3WRPXP0KyyCanQYRDzVq3s7upIQRWYUo/afJP8sB6xqNFfcFlNW25\njBVZf2o1i28r5iZGhptgsmlJP4yhxtmwJjJ/xxbRQGsd6wtcM82DXQj8fIdQKnEh\nXmYNhGu9Q93PFSrbhoRv7sOnkFJ+Hq8K+R4CKBQeW0fU+DkZlyH8RjUOMN0CAwEA\nAQKCAgBmDNc21/0Ibrvc8MhnzqNixMS2vmc7Ce77rEa22D1rhjLf9yji1Bk//Cjy\nfffO3E0QgeS83wJhndWgusbJz1JlKqjJSTxQeTkTIQKa2a3Pu2jZ29uuhe14XTT8\nbbL+AkEYpw4kWndIZ25IqBTpk4NvenFZHh8JWRUHjGAeyavV6TMGCk3GykhX4RsJ\nAvPU6pEA4e9ZXOa0jEdmwai0YY8AeuXWiespwEJ4MhlYncKKie0ulZh0uIKXTzcc\nOisb+Sn8CN6Tcj8coqi/v7WrksVeR5DyQH3PSQdZcte4nvh7TtqULGDzV4d9EabG\nQvgaFKViOMIB+SshAzIJCdqKLQjXpJKdSO8XiOnq9ZAwVVpVrghJVYfeBfo3bN97\n46S2iymopyg4g+2aTyAer3Iyko4dQc/yXpeDuGv8hXP0crHSZvZvVUAeetAyKn5o\nm+6pOnfI74COvqksORb1TZPotCDN/7cqi3hpxhSfpinyhE26VKKp1rhaGMEIDqDz\nVDT2pJ6x3Cq2XKL2mTLpZU6qydPUSjp8bDCPHaW4SzPhaLKEgmuf/HzxXo0Detpr\nUaCGks5Y5CHDbEWRZigD2CvGWLp/Aud07ROaB/QYV8qlYY9VkbT0UHJYnQMMSqLO\nvrOEka2dQwGZCQqHgPf89apWHuzAhpKuMfegT/bTeUo/OBPXNQKCAQEA9pgAm68n\n3ZEFHVsa6WO8xxCsuq9TbEgvTS3IiveIQ6QsKLbdIicGHKjWVT23jTuG+VAo6giI\npkwH+wBkP0JnqJw6VllwQ3amBtv/BMdxfW7pHoBxtq+d1DkipB6pTV8cIIR6Aels\npVR573lybgfLk2c3K8ljslJxI+I8sFk33PYnX995DbQPUeoU5YpG4aH62ChTCC7i\nSwW/rbXma69Y3osoNTwISQ7bWaqk3XNuHGXRjFDpKjmp216whvmxFnxl/xSt5qvj\ntN8K0vz0+9O3Vzeo1jJiaWymmSNCPZIf0lS5Zqe0l5IyNDw1R6UtlBeFXezGHOde\nvw2+KuUHiLP3lwKCAQEA3gEGb8i3UAeNEe7tfW28LfWp1i+xvAfoW7X031/Adgd6\nmmhxhMuObnFlYlSLgVfYO/KaUjG+ORjiXJ3ddM1EzKI1N448gsznrRDA9yIgewWE\nP60h0tByIl9Sr9O2SYhOhiz2jiasLXjBie3ce+MCQ4R1crD3wZUvOK9hWOqBXTV/\nbMlZ5Cayb9PE2UTE8ph5AC0/iYHhKOIdIPYQvnNarnKI+9hI03NhLrC/sB1Lr+VP\nWcXqgwANK2boH3VjFtEU8LAsOkO5Abgmc0Kx6ky8b/I27RGyxfG0Gp/jeYj/v3ce\nT5mWEKY+5RHjZgtr1ynny1OrNsg48vXsXR/vAGiJqwKCAQEA7OuBuhKBZNlOZrP/\nmTkgSMn2iq6koiaAe9B/GzVUEFkNrFh1AbkooCR/OQrA7crBlYu0o5ZrZAssp7Xq\nmvS8Dz16tzfbKpY2UeTQkdDlczQ6efnCR1lXdG0ooTJsS1AUABIH/wo8PmR5euHe\nVWTb7NWAJmupg8y9s1JMKMqvZ3aAwhY9gjL7fSI/zYIbM/GixkeH7xbMiHQPg2B+\n7/takQZ2LR9ufnLtwKq5F6Mtqc8Rk5SxUMZyMbg6NpRz1jzS6k79/eAsOL0K80fi\nQIlbX0q0xodGEjA3qG492FYqiLSqJL0AP5hQ7+rg7eL/dYdbtbAlb+PEHh+gFCpU\nIL14JQKCAQABmHJKZV/j5FoAMf5k81/x2J0i2+7kEg56ckFTRaXlc0JPT8bZFHlu\nk8QNw9vIzy/PpnuzcYYTdPlTfxLzXvJKojPNtWj766sSlFc+r3EaUTzVFFJ06GiZ\nlKPMfbIGr0MZNcOD3AVKwl5ptlrqTQRcJdyOOXVeX8saFjCV6gGKAPNsfbn2qMyJ\nfzUf9p2PvMbJ2IlnXJaYq59X+EzAgaW6MTqIzNIhKugc5MpL4roDhpteYsy/qkVt\n9WxfpYFTzabf3/RBavEucPtdwrHypCCKkWwRohnt0EHiGxoQaoqj/qAqJEluzzMO\nhGVk+1oIDtYKoQxO9XtrS5cqSCt4jkfHAoIBAQDKPqqQEVMpfj55yw7YIsZHaiZM\ntCo6W7JSK6NrtojKrptvzlMniyA4noGlh6+t45nq++4dzKJlxnxr+ZksjaxTq2W3\nm+YnWK6WjvJPxM6KHfsg98n6KrAYzuKuwB4aeIL/JSTyfnv9Ofu3OmjZactAOdIH\n7I9z1sYNOteW/jBtzWodfw92Sn6vH4A7m6LwHyA+yp5e+eiv+I6ZVLbHvrE3BEF3\nrzjTIrpgj9PB8JSwqsh2Iz2t8GnPcbz9FujWpsNGqidysqyoIbPSYpFP0nOjfZr1\nwiUZfZUxG5P3kTCSChM7DSd9Ys+bIDxU7K9UTIgwF/kwQYhpQfZA4kFqfDSW\n-----END RSA PRIVATE KEY-----\n",
            "private_key_pem_pkcs8": "-----BEGIN PRIVATE KEY-----\nMIIJQwIBADANBgkqhkiG9w0BAQEFAASCCS0wggkpAgEAAoICAQDV2M1SP8N/IFfX\n9kllRVDkV7YIQpSLhbnUwiVNVfUk57NegFamriNQDpxIL9Jlvv2TVnkeQnGBLScn\n14b1VdN908PzeffYS/lCEML579jq9xc/tpKe9VFj7OPMUppTfEW7KV4acakDG64+\nkpTfyzIce///FDHchnUS0EBlcuNOe35NsNhd52uQ/AE6kRoq9ePrXS1Iy5bP++gn\n9CSfPe8ryH0mpDr/fvdiaxg+M73UzQ9FIeu8Q9494WPM90seegdDGmcwOiueismY\nOoVu8OfSEiYkiQZkGTuV95x+RkGuricaJNwvtW/1EtVcfD3j/tmCy+bHRrkfp+JO\nGsu0EXniyVQYvwkcLzAKseOoEkz9wLHkT9bjam/Y2n4hxzwA5ZyWs2nTLQKHBuca\n+trTfLmH7ACu125Y2OzgEreKa4g602ZZtoRG2UJ5DnwzaO2uPGb/ibAQCAvxTX5o\nQH/3t2Vsq0UoD6x5TRypZzIf8IIstCYU1MgkX6vhFuDBAXdZE9c/QrLIJqdBhEPN\nWrezu6khBFZhSj9p8k/ywHrGo0V9wWU1bbmMFVl/ajWLbyvmJkaGm2CyaUk/jKHG\n2bAmMn/HFtFAax3rC1wzzYNdCPx8h1AqcSFeZg2Ea71D3c8VKtuGhG/uw6eQUn4e\nrwr5HgIoFB5bR9T4ORmXIfxGNQ4w3QIDAQABAoICAGYM1zbX/Qhuu9zwyGfOo2LE\nxLa+ZzsJ7vusRrbYPWuGMt/3KOLUGT/8KPJ9987cTRCB5LzfAmGd1aC6xsnPUmUq\nqMlJPFB5ORMhAprZrc+7aNnb266F7XhdNPxtsv4CQRinDiRad0hnbkioFOmTg296\ncVkeHwlZFQeMYB7Jq9XpMwYKTcbKSFfhGwkC89TqkQDh71lc5rSMR2bBqLRhjwB6\n5daJ6ynAQngyGVidwoqJ7S6VmHS4gpdPNxw6Kxv5KfwI3pNyPxyiqL+/tauSxV5H\nkPJAfc9JB1ly17ie+HtO2pQsYPNXh30RpsZC+BoUpWI4wgH5KyEDMgkJ2ootCNek\nkp1I7xeI6er1kDBVWlWuCElVh94F+jds33vjpLaLKainKDiD7ZpPIB6vcjKSjh1B\nz/Jel4O4a/yFc/RysdJm9m9VQB560DIqfmib7qk6d8jvgI6+qSw5FvVNk+i0IM3/\ntyqLeGnGFJ+mKfKETbpUoqnWuFoYwQgOoPNUNPaknrHcKrZcovaZMullTqrJ09RK\nOnxsMI8dpbhLM+FosoSCa5/8fPFejQN62mtRoIaSzljkIcNsRZFmKAPYK8ZYun8C\n53TtE5oH9BhXyqVhj1WRtPRQclidAwxKos6+s4SRrZ1DAZkJCoeA9/z1qlYe7MCG\nkq4x96BP9tN5Sj84E9c1AoIBAQD2mACbryfdkQUdWxrpY7zHEKy6r1NsSC9NLciK\n94hDpCwott0iJwYcqNZVPbeNO4b5UCjqCIimTAf7AGQ/QmeonDpWWXBDdqYG2/8E\nx3F9bukegHG2r53UOSKkHqlNXxwghHoB6WylVHnveXJuB8uTZzcryWOyUnEj4jyw\nWTfc9idf33kNtA9R6hTlikbhofrYKFMILuJLBb+tteZrr1jeiyg1PAhJDttZqqTd\nc24cZdGMUOkqOanbXrCG+bEWfGX/FK3mq+O03wrS/PT707dXN6jWMmJpbKaZI0I9\nkh/SVLlmp7SXkjI0PDVHpS2UF4Vd7MYc516/Db4q5QeIs/eXAoIBAQDeAQZvyLdQ\nB40R7u19bbwt9anWL7G8B+hbtfTfX8B2B3qaaHGEy45ucWViVIuBV9g78ppSMb45\nGOJcnd10zUTMojU3jjyCzOetEMD3IiB7BYQ/rSHS0HIiX1Kv07ZJiE6GLPaOJqwt\neMGJ7dx74wJDhHVysPfBlS84r2FY6oFdNX9syVnkJrJv08TZRMTymHkALT+JgeEo\n4h0g9hC+c1qucoj72EjTc2EusL+wHUuv5U9ZxeqDAA0rZugfdWMW0RTwsCw6Q7kB\nuCZzQrHqTLxv8jbtEbLF8bQan+N5iP+/dx5PmZYQpj7lEeNmC2vXKefLU6s2yDjy\n9exdH+8AaImrAoIBAQDs64G6EoFk2U5ms/+ZOSBIyfaKrqSiJoB70H8bNVQQWQ2s\nWHUBuSigJH85CsDtysGVi7SjlmtkCyynteqa9LwPPXq3N9sqljZR5NCR0OVzNDp5\n+cJHWVd0bSihMmxLUBQAEgf/Cjw+ZHl64d5VZNvs1YAma6mDzL2zUkwoyq9ndoDC\nFj2CMvt9Ij/Nghsz8aLGR4fvFsyIdA+DYH7v+1qRBnYtH25+cu3AqrkXoy2pzxGT\nlLFQxnIxuDo2lHPWPNLqTv394Cw4vQrzR+JAiVtfSrTGh0YSMDeobj3YViqItKok\nvQA/mFDv6uDt4v91h1u1sCVv48QeH6AUKlQgvXglAoIBAAGYckplX+PkWgAx/mTz\nX/HYnSLb7uQSDnpyQVNFpeVzQk9PxtkUeW6TxA3D28jPL8+me7NxhhN0+VN/EvNe\n8kqiM821aPvrqxKUVz6vcRpRPNUUUnToaJmUo8x9sgavQxk1w4PcBUrCXmm2WupN\nBFwl3I45dV5fyxoWMJXqAYoA82x9ufaozIl/NR/2nY+8xsnYiWdclpirn1f4TMCB\npboxOojM0iEq6BzkykviugOGm15izL+qRW31bF+lgVPNpt/f9EFq8S5w+13CsfKk\nIIqRbBGiGe3QQeIbGhBqiqP+oCokSW7PMw6EZWT7WggO1gqhDE71e2tLlypIK3iO\nR8cCggEBAMo+qpARUyl+PnnLDtgixkdqJky0KjpbslIro2u2iMqum2/OUyeLIDie\ngaWHr63jmer77h3MomXGfGv5mSyNrFOrZbeb5idYrpaO8k/Ezood+yD3yfoqsBjO\n4q7AHhp4gv8lJPJ+e/05+7c6aNlpy0A50gfsj3PWxg0615b+MG3Nah1/D3ZKfq8f\ngDubovAfID7Knl756K/4jplUtse+sTcEQXevONMiumCP08HwlLCqyHYjPa3wac9x\nvP0W6Namw0aqJ3KyrKghs9JikU/Sc6N9mvXCJRl9lTEbk/eRMJIKEzsNJ31iz5sg\nPFTsr1RMiDAX+TBBiGlB9kDiQWp8NJY=\n-----END PRIVATE KEY-----\n",
            "public_key_fingerprint_md5": "12:43:a1:9a:89:77:e1:30:28:b9:e4:47:5e:24:c3:55",
            "public_key_fingerprint_sha256": "SHA256:6UUvJStTr2ljUGvIx7ANlqeOwITEq5DpnBk1p7Nq/N0",
            "public_key_openssh": "ssh-rsa AAAAB3NzaC1yc2EAAAADAQABAAACAQDV2M1SP8N/IFfX9kllRVDkV7YIQpSLhbnUwiVNVfUk57NegFamriNQDpxIL9Jlvv2TVnkeQnGBLScn14b1VdN908PzeffYS/lCEML579jq9xc/tpKe9VFj7OPMUppTfEW7KV4acakDG64+kpTfyzIce///FDHchnUS0EBlcuNOe35NsNhd52uQ/AE6kRoq9ePrXS1Iy5bP++gn9CSfPe8ryH0mpDr/fvdiaxg+M73UzQ9FIeu8Q9494WPM90seegdDGmcwOiueismYOoVu8OfSEiYkiQZkGTuV95x+RkGuricaJNwvtW/1EtVcfD3j/tmCy+bHRrkfp+JOGsu0EXniyVQYvwkcLzAKseOoEkz9wLHkT9bjam/Y2n4hxzwA5ZyWs2nTLQKHBuca+trTfLmH7ACu125Y2OzgEreKa4g602ZZtoRG2UJ5DnwzaO2uPGb/ibAQCAvxTX5oQH/3t2Vsq0UoD6x5TRypZzIf8IIstCYU1MgkX6vhFuDBAXdZE9c/QrLIJqdBhEPNWrezu6khBFZhSj9p8k/ywHrGo0V9wWU1bbmMFVl/ajWLbyvmJkaGm2CyaUk/jKHG2bAmMn/HFtFAax3rC1wzzYNdCPx8h1AqcSFeZg2Ea71D3c8VKtuGhG/uw6eQUn4erwr5HgIoFB5bR9T4ORmXIfxGNQ4w3Q==\n",
            "public_key_pem": "-----BEGIN PUBLIC KEY-----\nMIICIjANBgkqhkiG9w0BAQEFAAOCAg8AMIICCgKCAgEA1djNUj/DfyBX1/ZJZUVQ\n5Fe2CEKUi4W51MIlTVX1JOezXoBWpq4jUA6cSC/SZb79k1Z5HkJxgS0nJ9eG9VXT\nfdPD83n32Ev5QhDC+e/Y6vcXP7aSnvVRY+zjzFKaU3xFuyleGnGpAxuuPpKU38sy\nHHv//xQx3IZ1EtBAZXLjTnt+TbDYXedrkPwBOpEaKvXj610tSMuWz/voJ/Qknz3v\nK8h9JqQ6/373YmsYPjO91M0PRSHrvEPePeFjzPdLHnoHQxpnMDornorJmDqFbvDn\n0hImJIkGZBk7lfecfkZBrq4nGiTcL7Vv9RLVXHw94/7Zgsvmx0a5H6fiThrLtBF5\n4slUGL8JHC8wCrHjqBJM/cCx5E/W42pv2Np+Icc8AOWclrNp0y0ChwbnGvra03y5\nh+wArtduWNjs4BK3imuIOtNmWbaERtlCeQ58M2jtrjxm/4mwEAgL8U1+aEB/97dl\nbKtFKA+seU0cqWcyH/CCLLQmFNTIJF+r4RbgwQF3WRPXP0KyyCanQYRDzVq3s7up\nIQRWYUo/afJP8sB6xqNFfcFlNW25jBVZf2o1i28r5iZGhptgsmlJP4yhxtmwJjJ/\nxxbRQGsd6wtcM82DXQj8fIdQKnEhXmYNhGu9Q93PFSrbhoRv7sOnkFJ+Hq8K+R4C\nKBQeW0fU+DkZlyH8RjUOMN0CAwEAAQ==\n-----END PUBLIC KEY-----\n",
            "rsa_bits": 4096
          },
          "sensitive_attributes": [
            [
              {
                "type": "get_attr",
                "value": "private_key_pem_pkcs8"
              }
            ],
            [
              {
                "type": "get_attr",
                "value": "private_key_pem"
              }
            ],
            [
              {
                "type": "get_attr",
                "value": "private_key_openssh"
              }
            ]
          ]
        }
      ]
    }
  ],
  "check_results": null
}
